// !$*UTF8*$!
{
	archiveVersion = 1;
	classes = {
	};
	objectVersion = 56;
	objects = {

/* Begin PBXBuildFile section */
		581CC1B72A3129780013FE55 /* CatsAppApp.swift in Sources */ = {isa = PBXBuildFile; fileRef = 581CC1B62A3129780013FE55 /* CatsAppApp.swift */; };
		581CC1B92A3129780013FE55 /* MainView.swift in Sources */ = {isa = PBXBuildFile; fileRef = 581CC1B82A3129780013FE55 /* MainView.swift */; };
		581CC1BB2A31297C0013FE55 /* Assets.xcassets in Resources */ = {isa = PBXBuildFile; fileRef = 581CC1BA2A31297C0013FE55 /* Assets.xcassets */; };
		581CC1BE2A31297C0013FE55 /* Preview Assets.xcassets in Resources */ = {isa = PBXBuildFile; fileRef = 581CC1BD2A31297C0013FE55 /* Preview Assets.xcassets */; };
		581CC1C52A312AB10013FE55 /* Networking.swift in Sources */ = {isa = PBXBuildFile; fileRef = 581CC1C42A312AB10013FE55 /* Networking.swift */; };
		581CC1C72A312D930013FE55 /* ViewModel.swift in Sources */ = {isa = PBXBuildFile; fileRef = 581CC1C62A312D930013FE55 /* ViewModel.swift */; };
		581CC1C92A312E410013FE55 /* Configuration.swift in Sources */ = {isa = PBXBuildFile; fileRef = 581CC1C82A312E410013FE55 /* Configuration.swift */; };
		581CC1CB2A312E630013FE55 /* Configuration+Design.swift in Sources */ = {isa = PBXBuildFile; fileRef = 581CC1CA2A312E630013FE55 /* Configuration+Design.swift */; };
		581CC1CD2A312F100013FE55 /* Configuration+Strings.swift in Sources */ = {isa = PBXBuildFile; fileRef = 581CC1CC2A312F100013FE55 /* Configuration+Strings.swift */; };
		581CC1CF2A312F260013FE55 /* Configuration+Styles.swift in Sources */ = {isa = PBXBuildFile; fileRef = 581CC1CE2A312F260013FE55 /* Configuration+Styles.swift */; };
		581CC1D32A3130670013FE55 /* Localizable.strings in Resources */ = {isa = PBXBuildFile; fileRef = 581CC1D52A3130670013FE55 /* Localizable.strings */; };
/* End PBXBuildFile section */

/* Begin PBXFileReference section */
		581CC1B32A3129780013FE55 /* CatsApp.app */ = {isa = PBXFileReference; explicitFileType = wrapper.application; includeInIndex = 0; path = CatsApp.app; sourceTree = BUILT_PRODUCTS_DIR; };
		581CC1B62A3129780013FE55 /* CatsAppApp.swift */ = {isa = PBXFileReference; lastKnownFileType = sourcecode.swift; path = CatsAppApp.swift; sourceTree = "<group>"; };
		581CC1B82A3129780013FE55 /* MainView.swift */ = {isa = PBXFileReference; lastKnownFileType = sourcecode.swift; path = MainView.swift; sourceTree = "<group>"; };
		581CC1BA2A31297C0013FE55 /* Assets.xcassets */ = {isa = PBXFileReference; lastKnownFileType = folder.assetcatalog; path = Assets.xcassets; sourceTree = "<group>"; };
		581CC1BD2A31297C0013FE55 /* Preview Assets.xcassets */ = {isa = PBXFileReference; lastKnownFileType = folder.assetcatalog; path = "Preview Assets.xcassets"; sourceTree = "<group>"; };
		581CC1C42A312AB10013FE55 /* Networking.swift */ = {isa = PBXFileReference; lastKnownFileType = sourcecode.swift; path = Networking.swift; sourceTree = "<group>"; };
		581CC1C62A312D930013FE55 /* ViewModel.swift */ = {isa = PBXFileReference; lastKnownFileType = sourcecode.swift; path = ViewModel.swift; sourceTree = "<group>"; };
		581CC1C82A312E410013FE55 /* Configuration.swift */ = {isa = PBXFileReference; lastKnownFileType = sourcecode.swift; path = Configuration.swift; sourceTree = "<group>"; };
		581CC1CA2A312E630013FE55 /* Configuration+Design.swift */ = {isa = PBXFileReference; lastKnownFileType = sourcecode.swift; path = "Configuration+Design.swift"; sourceTree = "<group>"; };
		581CC1CC2A312F100013FE55 /* Configuration+Strings.swift */ = {isa = PBXFileReference; lastKnownFileType = sourcecode.swift; path = "Configuration+Strings.swift"; sourceTree = "<group>"; };
		581CC1CE2A312F260013FE55 /* Configuration+Styles.swift */ = {isa = PBXFileReference; lastKnownFileType = sourcecode.swift; path = "Configuration+Styles.swift"; sourceTree = "<group>"; };
		581CC1D42A3130670013FE55 /* en */ = {isa = PBXFileReference; lastKnownFileType = text.plist.strings; name = en; path = en.lproj/Localizable.strings; sourceTree = "<group>"; };
		581CC1D62A31306B0013FE55 /* es */ = {isa = PBXFileReference; lastKnownFileType = text.plist.strings; name = es; path = es.lproj/Localizable.strings; sourceTree = "<group>"; };
/* End PBXFileReference section */

/* Begin PBXFrameworksBuildPhase section */
		581CC1B02A3129780013FE55 /* Frameworks */ = {
			isa = PBXFrameworksBuildPhase;
			buildActionMask = 2147483647;
			files = (
			);
			runOnlyForDeploymentPostprocessing = 0;
		};
/* End PBXFrameworksBuildPhase section */

/* Begin PBXGroup section */
		581CC1AA2A3129780013FE55 = {
			isa = PBXGroup;
			children = (
				581CC1B52A3129780013FE55 /* CatsApp */,
				581CC1B42A3129780013FE55 /* Products */,
			);
			sourceTree = "<group>";
		};
		581CC1B42A3129780013FE55 /* Products */ = {
			isa = PBXGroup;
			children = (
				581CC1B32A3129780013FE55 /* CatsApp.app */,
			);
			name = Products;
			sourceTree = "<group>";
		};
		581CC1B52A3129780013FE55 /* CatsApp */ = {
			isa = PBXGroup;
			children = (
				581CC1D72A31308A0013FE55 /* Assets */,
				581CC1B62A3129780013FE55 /* CatsAppApp.swift */,
				581CC1B82A3129780013FE55 /* MainView.swift */,
				581CC1C42A312AB10013FE55 /* Networking.swift */,
				581CC1BC2A31297C0013FE55 /* Preview Content */,
				581CC1C62A312D930013FE55 /* ViewModel.swift */,
				581CC1D02A312F5B0013FE55 /* Configuration */,
			);
			path = CatsApp;
			sourceTree = "<group>";
		};
		581CC1BC2A31297C0013FE55 /* Preview Content */ = {
			isa = PBXGroup;
			children = (
				581CC1BD2A31297C0013FE55 /* Preview Assets.xcassets */,
			);
			path = "Preview Content";
			sourceTree = "<group>";
		};
		581CC1D02A312F5B0013FE55 /* Configuration */ = {
			isa = PBXGroup;
			children = (
				581CC1C82A312E410013FE55 /* Configuration.swift */,
				581CC1CA2A312E630013FE55 /* Configuration+Design.swift */,
				581CC1CC2A312F100013FE55 /* Configuration+Strings.swift */,
				581CC1CE2A312F260013FE55 /* Configuration+Styles.swift */,
			);
			path = Configuration;
			sourceTree = "<group>";
		};
		581CC1D72A31308A0013FE55 /* Assets */ = {
			isa = PBXGroup;
			children = (
				581CC1D52A3130670013FE55 /* Localizable.strings */,
				581CC1BA2A31297C0013FE55 /* Assets.xcassets */,
			);
			path = Assets;
			sourceTree = "<group>";
		};
/* End PBXGroup section */

/* Begin PBXNativeTarget section */
		581CC1B22A3129780013FE55 /* CatsApp */ = {
			isa = PBXNativeTarget;
			buildConfigurationList = 581CC1C12A31297C0013FE55 /* Build configuration list for PBXNativeTarget "CatsApp" */;
			buildPhases = (
				581CC1AF2A3129780013FE55 /* Sources */,
				581CC1B02A3129780013FE55 /* Frameworks */,
				581CC1B12A3129780013FE55 /* Resources */,
			);
			buildRules = (
			);
			dependencies = (
			);
			name = CatsApp;
			productName = CatsApp;
			productReference = 581CC1B32A3129780013FE55 /* CatsApp.app */;
			productType = "com.apple.product-type.application";
		};
/* End PBXNativeTarget section */

/* Begin PBXProject section */
		581CC1AB2A3129780013FE55 /* Project object */ = {
			isa = PBXProject;
			attributes = {
				BuildIndependentTargetsInParallel = 1;
				LastSwiftUpdateCheck = 1420;
				LastUpgradeCheck = 1420;
				TargetAttributes = {
					581CC1B22A3129780013FE55 = {
						CreatedOnToolsVersion = 14.2;
					};
				};
			};
			buildConfigurationList = 581CC1AE2A3129780013FE55 /* Build configuration list for PBXProject "CatsApp" */;
			compatibilityVersion = "Xcode 14.0";
			developmentRegion = en;
			hasScannedForEncodings = 0;
			knownRegions = (
				en,
				Base,
				es,
			);
			mainGroup = 581CC1AA2A3129780013FE55;
			productRefGroup = 581CC1B42A3129780013FE55 /* Products */;
			projectDirPath = "";
			projectRoot = "";
			targets = (
				581CC1B22A3129780013FE55 /* CatsApp */,
			);
		};
/* End PBXProject section */

/* Begin PBXResourcesBuildPhase section */
		581CC1B12A3129780013FE55 /* Resources */ = {
			isa = PBXResourcesBuildPhase;
			buildActionMask = 2147483647;
			files = (
				581CC1BE2A31297C0013FE55 /* Preview Assets.xcassets in Resources */,
				581CC1D32A3130670013FE55 /* Localizable.strings in Resources */,
				581CC1BB2A31297C0013FE55 /* Assets.xcassets in Resources */,
			);
			runOnlyForDeploymentPostprocessing = 0;
		};
/* End PBXResourcesBuildPhase section */

/* Begin PBXSourcesBuildPhase section */
		581CC1AF2A3129780013FE55 /* Sources */ = {
			isa = PBXSourcesBuildPhase;
			buildActionMask = 2147483647;
			files = (
				581CC1CB2A312E630013FE55 /* Configuration+Design.swift in Sources */,
				581CC1C52A312AB10013FE55 /* Networking.swift in Sources */,
				581CC1C92A312E410013FE55 /* Configuration.swift in Sources */,
				581CC1B92A3129780013FE55 /* MainView.swift in Sources */,
				581CC1CF2A312F260013FE55 /* Configuration+Styles.swift in Sources */,
				581CC1C72A312D930013FE55 /* ViewModel.swift in Sources */,
				581CC1CD2A312F100013FE55 /* Configuration+Strings.swift in Sources */,
				581CC1B72A3129780013FE55 /* CatsAppApp.swift in Sources */,
			);
			runOnlyForDeploymentPostprocessing = 0;
		};
/* End PBXSourcesBuildPhase section */

/* Begin PBXVariantGroup section */
		581CC1D52A3130670013FE55 /* Localizable.strings */ = {
			isa = PBXVariantGroup;
			children = (
				581CC1D42A3130670013FE55 /* en */,
				581CC1D62A31306B0013FE55 /* es */,
			);
			name = Localizable.strings;
			sourceTree = "<group>";
		};
/* End PBXVariantGroup section */

/* Begin XCBuildConfiguration section */
		581CC1BF2A31297C0013FE55 /* Debug */ = {
			isa = XCBuildConfiguration;
			buildSettings = {
				ALWAYS_SEARCH_USER_PATHS = NO;
				CLANG_ANALYZER_NONNULL = YES;
				CLANG_ANALYZER_NUMBER_OBJECT_CONVERSION = YES_AGGRESSIVE;
				CLANG_CXX_LANGUAGE_STANDARD = "gnu++20";
				CLANG_ENABLE_MODULES = YES;
				CLANG_ENABLE_OBJC_ARC = YES;
				CLANG_ENABLE_OBJC_WEAK = YES;
				CLANG_WARN_BLOCK_CAPTURE_AUTORELEASING = YES;
				CLANG_WARN_BOOL_CONVERSION = YES;
				CLANG_WARN_COMMA = YES;
				CLANG_WARN_CONSTANT_CONVERSION = YES;
				CLANG_WARN_DEPRECATED_OBJC_IMPLEMENTATIONS = YES;
				CLANG_WARN_DIRECT_OBJC_ISA_USAGE = YES_ERROR;
				CLANG_WARN_DOCUMENTATION_COMMENTS = YES;
				CLANG_WARN_EMPTY_BODY = YES;
				CLANG_WARN_ENUM_CONVERSION = YES;
				CLANG_WARN_INFINITE_RECURSION = YES;
				CLANG_WARN_INT_CONVERSION = YES;
				CLANG_WARN_NON_LITERAL_NULL_CONVERSION = YES;
				CLANG_WARN_OBJC_IMPLICIT_RETAIN_SELF = YES;
				CLANG_WARN_OBJC_LITERAL_CONVERSION = YES;
				CLANG_WARN_OBJC_ROOT_CLASS = YES_ERROR;
				CLANG_WARN_QUOTED_INCLUDE_IN_FRAMEWORK_HEADER = YES;
				CLANG_WARN_RANGE_LOOP_ANALYSIS = YES;
				CLANG_WARN_STRICT_PROTOTYPES = YES;
				CLANG_WARN_SUSPICIOUS_MOVE = YES;
				CLANG_WARN_UNGUARDED_AVAILABILITY = YES_AGGRESSIVE;
				CLANG_WARN_UNREACHABLE_CODE = YES;
				CLANG_WARN__DUPLICATE_METHOD_MATCH = YES;
				COPY_PHASE_STRIP = NO;
				DEBUG_INFORMATION_FORMAT = dwarf;
				ENABLE_STRICT_OBJC_MSGSEND = YES;
				ENABLE_TESTABILITY = YES;
				GCC_C_LANGUAGE_STANDARD = gnu11;
				GCC_DYNAMIC_NO_PIC = NO;
				GCC_NO_COMMON_BLOCKS = YES;
				GCC_OPTIMIZATION_LEVEL = 0;
				GCC_PREPROCESSOR_DEFINITIONS = (
					"DEBUG=1",
					"$(inherited)",
				);
				GCC_WARN_64_TO_32_BIT_CONVERSION = YES;
				GCC_WARN_ABOUT_RETURN_TYPE = YES_ERROR;
				GCC_WARN_UNDECLARED_SELECTOR = YES;
				GCC_WARN_UNINITIALIZED_AUTOS = YES_AGGRESSIVE;
				GCC_WARN_UNUSED_FUNCTION = YES;
				GCC_WARN_UNUSED_VARIABLE = YES;
				IPHONEOS_DEPLOYMENT_TARGET = 16.0;
				MTL_ENABLE_DEBUG_INFO = INCLUDE_SOURCE;
				MTL_FAST_MATH = YES;
				ONLY_ACTIVE_ARCH = YES;
				SDKROOT = iphoneos;
				SWIFT_ACTIVE_COMPILATION_CONDITIONS = DEBUG;
				SWIFT_OPTIMIZATION_LEVEL = "-Onone";
			};
			name = Debug;
		};
		581CC1C02A31297C0013FE55 /* Release */ = {
			isa = XCBuildConfiguration;
			buildSettings = {
				ALWAYS_SEARCH_USER_PATHS = NO;
				CLANG_ANALYZER_NONNULL = YES;
				CLANG_ANALYZER_NUMBER_OBJECT_CONVERSION = YES_AGGRESSIVE;
				CLANG_CXX_LANGUAGE_STANDARD = "gnu++20";
				CLANG_ENABLE_MODULES = YES;
				CLANG_ENABLE_OBJC_ARC = YES;
				CLANG_ENABLE_OBJC_WEAK = YES;
				CLANG_WARN_BLOCK_CAPTURE_AUTORELEASING = YES;
				CLANG_WARN_BOOL_CONVERSION = YES;
				CLANG_WARN_COMMA = YES;
				CLANG_WARN_CONSTANT_CONVERSION = YES;
				CLANG_WARN_DEPRECATED_OBJC_IMPLEMENTATIONS = YES;
				CLANG_WARN_DIRECT_OBJC_ISA_USAGE = YES_ERROR;
				CLANG_WARN_DOCUMENTATION_COMMENTS = YES;
				CLANG_WARN_EMPTY_BODY = YES;
				CLANG_WARN_ENUM_CONVERSION = YES;
				CLANG_WARN_INFINITE_RECURSION = YES;
				CLANG_WARN_INT_CONVERSION = YES;
				CLANG_WARN_NON_LITERAL_NULL_CONVERSION = YES;
				CLANG_WARN_OBJC_IMPLICIT_RETAIN_SELF = YES;
				CLANG_WARN_OBJC_LITERAL_CONVERSION = YES;
				CLANG_WARN_OBJC_ROOT_CLASS = YES_ERROR;
				CLANG_WARN_QUOTED_INCLUDE_IN_FRAMEWORK_HEADER = YES;
				CLANG_WARN_RANGE_LOOP_ANALYSIS = YES;
				CLANG_WARN_STRICT_PROTOTYPES = YES;
				CLANG_WARN_SUSPICIOUS_MOVE = YES;
				CLANG_WARN_UNGUARDED_AVAILABILITY = YES_AGGRESSIVE;
				CLANG_WARN_UNREACHABLE_CODE = YES;
				CLANG_WARN__DUPLICATE_METHOD_MATCH = YES;
				COPY_PHASE_STRIP = NO;
				DEBUG_INFORMATION_FORMAT = "dwarf-with-dsym";
				ENABLE_NS_ASSERTIONS = NO;
				ENABLE_STRICT_OBJC_MSGSEND = YES;
				GCC_C_LANGUAGE_STANDARD = gnu11;
				GCC_NO_COMMON_BLOCKS = YES;
				GCC_WARN_64_TO_32_BIT_CONVERSION = YES;
				GCC_WARN_ABOUT_RETURN_TYPE = YES_ERROR;
				GCC_WARN_UNDECLARED_SELECTOR = YES;
				GCC_WARN_UNINITIALIZED_AUTOS = YES_AGGRESSIVE;
				GCC_WARN_UNUSED_FUNCTION = YES;
				GCC_WARN_UNUSED_VARIABLE = YES;
				IPHONEOS_DEPLOYMENT_TARGET = 16.0;
				MTL_ENABLE_DEBUG_INFO = NO;
				MTL_FAST_MATH = YES;
				SDKROOT = iphoneos;
				SWIFT_COMPILATION_MODE = wholemodule;
				SWIFT_OPTIMIZATION_LEVEL = "-O";
				VALIDATE_PRODUCT = YES;
			};
			name = Release;
		};
		581CC1C22A31297C0013FE55 /* Debug */ = {
			isa = XCBuildConfiguration;
			buildSettings = {
				ASSETCATALOG_COMPILER_APPICON_NAME = AppIcon;
				ASSETCATALOG_COMPILER_GLOBAL_ACCENT_COLOR_NAME = AccentColor;
				CODE_SIGN_STYLE = Automatic;
				CURRENT_PROJECT_VERSION = 1;
				DEVELOPMENT_ASSET_PATHS = "\"CatsApp/Preview Content\"";
				DEVELOPMENT_TEAM = H4U3TZ893Y;
				ENABLE_PREVIEWS = YES;
				GENERATE_INFOPLIST_FILE = YES;
				INFOPLIST_KEY_UIApplicationSceneManifest_Generation = YES;
				INFOPLIST_KEY_UIApplicationSupportsIndirectInputEvents = YES;
				INFOPLIST_KEY_UILaunchScreen_Generation = YES;
				INFOPLIST_KEY_UISupportedInterfaceOrientations_iPad = "UIInterfaceOrientationPortrait UIInterfaceOrientationPortraitUpsideDown UIInterfaceOrientationLandscapeLeft UIInterfaceOrientationLandscapeRight";
				INFOPLIST_KEY_UISupportedInterfaceOrientations_iPhone = "UIInterfaceOrientationPortrait UIInterfaceOrientationLandscapeLeft UIInterfaceOrientationLandscapeRight";
				LD_RUNPATH_SEARCH_PATHS = (
					"$(inherited)",
					"@executable_path/Frameworks",
				);
				MARKETING_VERSION = 1.0;
				PRODUCT_BUNDLE_IDENTIFIER = dev.victorsanchez.CatsApp;
				PRODUCT_NAME = "$(TARGET_NAME)";
				SWIFT_EMIT_LOC_STRINGS = YES;
				SWIFT_VERSION = 5.0;
				TARGETED_DEVICE_FAMILY = "1,2";
			};
			name = Debug;
		};
		581CC1C32A31297C0013FE55 /* Release */ = {
			isa = XCBuildConfiguration;
			buildSettings = {
				ASSETCATALOG_COMPILER_APPICON_NAME = AppIcon;
				ASSETCATALOG_COMPILER_GLOBAL_ACCENT_COLOR_NAME = AccentColor;
				CODE_SIGN_STYLE = Automatic;
				CURRENT_PROJECT_VERSION = 1;
				DEVELOPMENT_ASSET_PATHS = "\"CatsApp/Preview Content\"";
				DEVELOPMENT_TEAM = H4U3TZ893Y;
				ENABLE_PREVIEWS = YES;
				GENERATE_INFOPLIST_FILE = YES;
				INFOPLIST_KEY_UIApplicationSceneManifest_Generation = YES;
				INFOPLIST_KEY_UIApplicationSupportsIndirectInputEvents = YES;
				INFOPLIST_KEY_UILaunchScreen_Generation = YES;
				INFOPLIST_KEY_UISupportedInterfaceOrientations_iPad = "UIInterfaceOrientationPortrait UIInterfaceOrientationPortraitUpsideDown UIInterfaceOrientationLandscapeLeft UIInterfaceOrientationLandscapeRight";
				INFOPLIST_KEY_UISupportedInterfaceOrientations_iPhone = "UIInterfaceOrientationPortrait UIInterfaceOrientationLandscapeLeft UIInterfaceOrientationLandscapeRight";
				LD_RUNPATH_SEARCH_PATHS = (
					"$(inherited)",
					"@executable_path/Frameworks",
				);
				MARKETING_VERSION = 1.0;
				PRODUCT_BUNDLE_IDENTIFIER = dev.victorsanchez.CatsApp;
				PRODUCT_NAME = "$(TARGET_NAME)";
				SWIFT_EMIT_LOC_STRINGS = YES;
				SWIFT_VERSION = 5.0;
				TARGETED_DEVICE_FAMILY = "1,2";
			};
			name = Release;
		};
/* End XCBuildConfiguration section */

/* Begin XCConfigurationList section */
		581CC1AE2A3129780013FE55 /* Build configuration list for PBXProject "CatsApp" */ = {
			isa = XCConfigurationList;
			buildConfigurations = (
				581CC1BF2A31297C0013FE55 /* Debug */,
				581CC1C02A31297C0013FE55 /* Release */,
			);
			defaultConfigurationIsVisible = 0;
			defaultConfigurationName = Release;
		};
		581CC1C12A31297C0013FE55 /* Build configuration list for PBXNativeTarget "CatsApp" */ = {
			isa = XCConfigurationList;
			buildConfigurations = (
				581CC1C22A31297C0013FE55 /* Debug */,
				581CC1C32A31297C0013FE55 /* Release */,
			);
			defaultConfigurationIsVisible = 0;
			defaultConfigurationName = Release;
		};
/* End XCConfigurationList section */
	};
	rootObject = 581CC1AB2A3129780013FE55 /* Project object */;
}
